{
  "name": "data_time",
  "version": "1.0.0",
  "lockfileVersion": 3,
  "requires": true,
  "packages": {
    "": {
      "name": "data_time",
      "version": "1.0.0",
      "license": "ISC",
      "dependencies": {
        "temporal-polyfill": "^0.2.4"
      }
    },
    "node_modules/temporal-polyfill": {
      "version": "0.2.4",
      "resolved": "https://registry.npmjs.org/temporal-polyfill/-/temporal-polyfill-0.2.4.tgz",
      "integrity": "sha512-WA5p0CjQTkMjF9m8sP4wSYgpqI8m2d4q7wPUyaJOWhy4bI9mReLb2yGvTV4qf/DPMTe6H6M/Dig5KmTMB7ev6Q==",
      "dependencies": {
        "temporal-spec": "^0.2.4"
      }
    },
    "node_modules/temporal-spec": {
      "version": "0.2.4",
      "resolved": "https://registry.npmjs.org/temporal-spec/-/temporal-spec-0.2.4.tgz",
      "integrity": "sha512-lDMFv4nKQrSjlkHKAlHVqKrBG4DyFfa9F74cmBZ3Iy3ed8yvWnlWSIdi4IKfSqwmazAohBNwiN64qGx4y5Q3IQ=="
    }
  }
}
